# This file is automatically @generated by Cargo.
# It is not intended for manual editing.
version = 4

[[package]]
name = "ploy"
version = "0.1.0"

[[package]]
name = "ploy-connectivity"
version = "0.1.0"

[[package]]
name = "ploy-deployments"
version = "0.1.0"

[[package]]
name = "ploy-operator-contracts"
version = "0.1.0"

[[package]]
name = "ploy-platform"
version = "0.1.0"

[[package]]
name = "ploy-research"
version = "0.1.0"

[[package]]
name = "ploy-strategy-bundles"
version = "0.1.0"

[[package]]
name = "ploy-trading"
version = "0.1.0"

[[package]]
name = "ployctl"
version = "0.1.0"
dependencies = [
 "ploy-operator-contracts",
 "ploy-platform",
]

[[package]]
name = "ployd"
version = "0.1.0"
dependencies = [
 "ploy-connectivity",
 "ploy-deployments",
 "ploy-operator-contracts",
 "ploy-platform",
 "ploy-trading",
]
